
Microsoft Visual Studio Solution File, Format Version 12.00
Project("{FAE04EC0-301F-11D3-BF4B-00C04F79EFBC}") = "LeetCodeMedium", "LeetCodeMedium\LeetCodeMedium.csproj", "{0EAEE20F-10F2-4119-BF22-9EDF9E916305}"
EndProject
Project("{FAE04EC0-301F-11D3-BF4B-00C04F79EFBC}") = "LeetCodeMediumTests", "LeetCodeMediumTests\LeetCodeMediumTests.csproj", "{FA36272F-F6BB-415C-ACA8-69B669635159}"
EndProject
Global
	GlobalSection(SolutionConfigurationPlatforms) = preSolution
		Debug|Any CPU = Debug|Any CPU
		Release|Any CPU = Release|Any CPU
	EndGlobalSection
	GlobalSection(ProjectConfigurationPlatforms) = postSolution
		{0EAEE20F-10F2-4119-BF22-9EDF9E916305}.Debug|Any CPU.ActiveCfg = Debug|Any CPU
		{0EAEE20F-10F2-4119-BF22-9EDF9E916305}.Debug|Any CPU.Build.0 = Debug|Any CPU
		{0EAEE20F-10F2-4119-BF22-9EDF9E916305}.Release|Any CPU.ActiveCfg = Release|Any CPU
		{0EAEE20F-10F2-4119-BF22-9EDF9E916305}.Release|Any CPU.Build.0 = Release|Any CPU
		{FA36272F-F6BB-415C-ACA8-69B669635159}.Debug|Any CPU.ActiveCfg = Debug|Any CPU
		{FA36272F-F6BB-415C-ACA8-69B669635159}.Debug|Any CPU.Build.0 = Debug|Any CPU
		{FA36272F-F6BB-415C-ACA8-69B669635159}.Release|Any CPU.ActiveCfg = Release|Any CPU
		{FA36272F-F6BB-415C-ACA8-69B669635159}.Release|Any CPU.Build.0 = Release|Any CPU
	EndGlobalSection
EndGlobal
